
Microsoft Visual Studio Solution File, Format Version 12.00
# Visual Studio Version 16
VisualStudioVersion = 16.0.29409.12
MinimumVisualStudioVersion = 10.0.40219.1
Project("{8BC9CEB8-8B4A-11D0-8D11-00A0C91BC942}") = "MonteCarlo-CM", "MonteCarlo-CM.vcxproj", "{5149CEE2-1651-42AF-8429-C3D8B87F0536}"
EndProject
Global
	GlobalSection(SolutionConfigurationPlatforms) = preSolution
		Debug|x64 = Debug|x64
		Debug|x86 = Debug|x86
		Release|x64 = Release|x64
		Release|x86 = Release|x86
	EndGlobalSection
	GlobalSection(ProjectConfigurationPlatforms) = postSolution
		{5149CEE2-1651-42AF-8429-C3D8B87F0536}.Debug|x64.ActiveCfg = Debug|x64
		{5149CEE2-1651-42AF-8429-C3D8B87F0536}.Debug|x64.Build.0 = Debug|x64
		{5149CEE2-1651-42AF-8429-C3D8B87F0536}.Debug|x86.ActiveCfg = Debug|Win32
		{5149CEE2-1651-42AF-8429-C3D8B87F0536}.Debug|x86.Build.0 = Debug|Win32
		{5149CEE2-1651-42AF-8429-C3D8B87F0536}.Release|x64.ActiveCfg = Release|x64
		{5149CEE2-1651-42AF-8429-C3D8B87F0536}.Release|x64.Build.0 = Release|x64
		{5149CEE2-1651-42AF-8429-C3D8B87F0536}.Release|x86.ActiveCfg = Release|Win32
		{5149CEE2-1651-42AF-8429-C3D8B87F0536}.Release|x86.Build.0 = Release|Win32
	EndGlobalSection
	GlobalSection(SolutionProperties) = preSolution
		HideSolutionNode = FALSE
	EndGlobalSection
	GlobalSection(ExtensibilityGlobals) = postSolution
		SolutionGuid = {30ACD6BF-F3A8-4120-AB88-AF4832ECB2C8}
	EndGlobalSection
EndGlobal
